// !$*UTF8*$!
{
	archiveVersion = 1;
	classes = {
	};
	objectVersion = 56;
	objects = {

/* Begin PBXBuildFile section */
		131CB2BB2BACB3E4007AFF49 /* spartansApp.swift in Sources */ = {isa = PBXBuildFile; fileRef = 131CB2BA2BACB3E4007AFF49 /* spartansApp.swift */; };
		131CB2BF2BACB3E6007AFF49 /* Assets.xcassets in Resources */ = {isa = PBXBuildFile; fileRef = 131CB2BE2BACB3E6007AFF49 /* Assets.xcassets */; };
		131CB2C22BACB3E6007AFF49 /* Preview Assets.xcassets in Resources */ = {isa = PBXBuildFile; fileRef = 131CB2C12BACB3E6007AFF49 /* Preview Assets.xcassets */; };
		13D08A842BB4DE0D000EA1C0 /* HomePageView.swift in Sources */ = {isa = PBXBuildFile; fileRef = 13D08A832BB4DE0D000EA1C0 /* HomePageView.swift */; };
		13D08A862BB76709000EA1C0 /* GoogleService-Info.plist in Resources */ = {isa = PBXBuildFile; fileRef = 13D08A852BB76709000EA1C0 /* GoogleService-Info.plist */; };
		13D08A892BB7686E000EA1C0 /* FirebaseAnalytics in Frameworks */ = {isa = PBXBuildFile; productRef = 13D08A882BB7686E000EA1C0 /* FirebaseAnalytics */; };
		13D08A8B2BB7686E000EA1C0 /* FirebaseAnalyticsSwift in Frameworks */ = {isa = PBXBuildFile; productRef = 13D08A8A2BB7686E000EA1C0 /* FirebaseAnalyticsSwift */; };
		13D08A8E2BB79338000EA1C0 /* FirebaseAuth in Frameworks */ = {isa = PBXBuildFile; productRef = 13D08A8D2BB79338000EA1C0 /* FirebaseAuth */; };
		13D08A932BB796D3000EA1C0 /* AuthView.swift in Sources */ = {isa = PBXBuildFile; fileRef = 13D08A922BB796D3000EA1C0 /* AuthView.swift */; };
		13D08A952BB79728000EA1C0 /* SignInView.swift in Sources */ = {isa = PBXBuildFile; fileRef = 13D08A942BB79728000EA1C0 /* SignInView.swift */; };
		13D08A972BB7973E000EA1C0 /* SignUpView.swift in Sources */ = {isa = PBXBuildFile; fileRef = 13D08A962BB7973E000EA1C0 /* SignUpView.swift */; };
		13D08A992BB7A5CF000EA1C0 /* AuthenticationManager.swift in Sources */ = {isa = PBXBuildFile; fileRef = 13D08A982BB7A5CF000EA1C0 /* AuthenticationManager.swift */; };
		13D08A9B2BB9DA79000EA1C0 /* SettingsView.swift in Sources */ = {isa = PBXBuildFile; fileRef = 13D08A9A2BB9DA79000EA1C0 /* SettingsView.swift */; };
/* End PBXBuildFile section */

/* Begin PBXFileReference section */
		131CB2B72BACB3E4007AFF49 /* spartans.app */ = {isa = PBXFileReference; explicitFileType = wrapper.application; includeInIndex = 0; path = spartans.app; sourceTree = BUILT_PRODUCTS_DIR; };
		131CB2BA2BACB3E4007AFF49 /* spartansApp.swift */ = {isa = PBXFileReference; lastKnownFileType = sourcecode.swift; path = spartansApp.swift; sourceTree = "<group>"; };
		131CB2BE2BACB3E6007AFF49 /* Assets.xcassets */ = {isa = PBXFileReference; lastKnownFileType = folder.assetcatalog; path = Assets.xcassets; sourceTree = "<group>"; };
		131CB2C12BACB3E6007AFF49 /* Preview Assets.xcassets */ = {isa = PBXFileReference; lastKnownFileType = folder.assetcatalog; path = "Preview Assets.xcassets"; sourceTree = "<group>"; };
		13D08A832BB4DE0D000EA1C0 /* HomePageView.swift */ = {isa = PBXFileReference; lastKnownFileType = sourcecode.swift; path = HomePageView.swift; sourceTree = "<group>"; };
		13D08A852BB76709000EA1C0 /* GoogleService-Info.plist */ = {isa = PBXFileReference; fileEncoding = 4; lastKnownFileType = text.plist.xml; path = "GoogleService-Info.plist"; sourceTree = "<group>"; };
		13D08A922BB796D3000EA1C0 /* AuthView.swift */ = {isa = PBXFileReference; lastKnownFileType = sourcecode.swift; path = AuthView.swift; sourceTree = "<group>"; };
		13D08A942BB79728000EA1C0 /* SignInView.swift */ = {isa = PBXFileReference; lastKnownFileType = sourcecode.swift; path = SignInView.swift; sourceTree = "<group>"; };
		13D08A962BB7973E000EA1C0 /* SignUpView.swift */ = {isa = PBXFileReference; lastKnownFileType = sourcecode.swift; path = SignUpView.swift; sourceTree = "<group>"; };
		13D08A982BB7A5CF000EA1C0 /* AuthenticationManager.swift */ = {isa = PBXFileReference; lastKnownFileType = sourcecode.swift; path = AuthenticationManager.swift; sourceTree = "<group>"; };
		13D08A9A2BB9DA79000EA1C0 /* SettingsView.swift */ = {isa = PBXFileReference; lastKnownFileType = sourcecode.swift; path = SettingsView.swift; sourceTree = "<group>"; };
		13FEDE0C2BB331F50089F4C9 /* socialapp.app */ = {isa = PBXFileReference; explicitFileType = wrapper.application; includeInIndex = 0; path = socialapp.app; sourceTree = BUILT_PRODUCTS_DIR; };
/* End PBXFileReference section */

/* Begin PBXFrameworksBuildPhase section */
		131CB2B42BACB3E4007AFF49 /* Frameworks */ = {
			isa = PBXFrameworksBuildPhase;
			buildActionMask = 2147483647;
			files = (
				13D08A8B2BB7686E000EA1C0 /* FirebaseAnalyticsSwift in Frameworks */,
				13D08A8E2BB79338000EA1C0 /* FirebaseAuth in Frameworks */,
				13D08A892BB7686E000EA1C0 /* FirebaseAnalytics in Frameworks */,
			);
			runOnlyForDeploymentPostprocessing = 0;
		};
		13FEDE092BB331F50089F4C9 /* Frameworks */ = {
			isa = PBXFrameworksBuildPhase;
			buildActionMask = 2147483647;
			files = (
			);
			runOnlyForDeploymentPostprocessing = 0;
		};
/* End PBXFrameworksBuildPhase section */

/* Begin PBXGroup section */
		131CB2AE2BACB3E4007AFF49 = {
			isa = PBXGroup;
			children = (
				131CB2B92BACB3E4007AFF49 /* spartans */,
				131CB2B82BACB3E4007AFF49 /* Products */,
				13D08A8C2BB79338000EA1C0 /* Frameworks */,
			);
			sourceTree = "<group>";
		};
		131CB2B82BACB3E4007AFF49 /* Products */ = {
			isa = PBXGroup;
			children = (
				131CB2B72BACB3E4007AFF49 /* spartans.app */,
				13FEDE0C2BB331F50089F4C9 /* socialapp.app */,
			);
			name = Products;
			sourceTree = "<group>";
		};
		131CB2B92BACB3E4007AFF49 /* spartans */ = {
			isa = PBXGroup;
			children = (
				13D08A8F2BB79590000EA1C0 /* Authentication */,
				13D08A852BB76709000EA1C0 /* GoogleService-Info.plist */,
				131CB2BA2BACB3E4007AFF49 /* spartansApp.swift */,
				131CB2BE2BACB3E6007AFF49 /* Assets.xcassets */,
				131CB2C02BACB3E6007AFF49 /* Preview Content */,
			);
			path = spartans;
			sourceTree = "<group>";
		};
		131CB2C02BACB3E6007AFF49 /* Preview Content */ = {
			isa = PBXGroup;
			children = (
				131CB2C12BACB3E6007AFF49 /* Preview Assets.xcassets */,
			);
			path = "Preview Content";
			sourceTree = "<group>";
		};
		13D08A8C2BB79338000EA1C0 /* Frameworks */ = {
			isa = PBXGroup;
			children = (
			);
			name = Frameworks;
			sourceTree = "<group>";
		};
		13D08A8F2BB79590000EA1C0 /* Authentication */ = {
			isa = PBXGroup;
			children = (
				13D08A832BB4DE0D000EA1C0 /* HomePageView.swift */,
				13D08A922BB796D3000EA1C0 /* AuthView.swift */,
				13D08A942BB79728000EA1C0 /* SignInView.swift */,
				13D08A962BB7973E000EA1C0 /* SignUpView.swift */,
				13D08A982BB7A5CF000EA1C0 /* AuthenticationManager.swift */,
				13D08A9A2BB9DA79000EA1C0 /* SettingsView.swift */,
			);
			path = Authentication;
			sourceTree = "<group>";
		};
/* End PBXGroup section */

/* Begin PBXNativeTarget section */
		131CB2B62BACB3E4007AFF49 /* spartans */ = {
			isa = PBXNativeTarget;
			buildConfigurationList = 131CB2C52BACB3E6007AFF49 /* Build configuration list for PBXNativeTarget "spartans" */;
			buildPhases = (
				131CB2B32BACB3E4007AFF49 /* Sources */,
				131CB2B42BACB3E4007AFF49 /* Frameworks */,
				131CB2B52BACB3E4007AFF49 /* Resources */,
			);
			buildRules = (
			);
			dependencies = (
			);
			name = spartans;
			packageProductDependencies = (
				13D08A882BB7686E000EA1C0 /* FirebaseAnalytics */,
				13D08A8A2BB7686E000EA1C0 /* FirebaseAnalyticsSwift */,
				13D08A8D2BB79338000EA1C0 /* FirebaseAuth */,
			);
			productName = spartans;
			productReference = 131CB2B72BACB3E4007AFF49 /* spartans.app */;
			productType = "com.apple.product-type.application";
		};
		13FEDE0B2BB331F50089F4C9 /* socialapp */ = {
			isa = PBXNativeTarget;
			buildConfigurationList = 13FEDE192BB331F80089F4C9 /* Build configuration list for PBXNativeTarget "socialapp" */;
			buildPhases = (
				13FEDE082BB331F50089F4C9 /* Sources */,
				13FEDE092BB331F50089F4C9 /* Frameworks */,
				13FEDE0A2BB331F50089F4C9 /* Resources */,
			);
			buildRules = (
			);
			dependencies = (
			);
			name = socialapp;
			productName = socialapp;
			productReference = 13FEDE0C2BB331F50089F4C9 /* socialapp.app */;
			productType = "com.apple.product-type.application";
		};
/* End PBXNativeTarget section */

/* Begin PBXProject section */
		131CB2AF2BACB3E4007AFF49 /* Project object */ = {
			isa = PBXProject;
			attributes = {
				BuildIndependentTargetsInParallel = 1;
				LastSwiftUpdateCheck = 1530;
				LastUpgradeCheck = 1530;
				TargetAttributes = {
					131CB2B62BACB3E4007AFF49 = {
						CreatedOnToolsVersion = 15.3;
					};
					13FEDE0B2BB331F50089F4C9 = {
						CreatedOnToolsVersion = 15.3;
					};
				};
			};
			buildConfigurationList = 131CB2B22BACB3E4007AFF49 /* Build configuration list for PBXProject "spartans" */;
			compatibilityVersion = "Xcode 14.0";
			developmentRegion = en;
			hasScannedForEncodings = 0;
			knownRegions = (
				en,
				Base,
			);
			mainGroup = 131CB2AE2BACB3E4007AFF49;
			packageReferences = (
				13D08A872BB7686E000EA1C0 /* XCRemoteSwiftPackageReference "firebase-ios-sdk" */,
			);
			productRefGroup = 131CB2B82BACB3E4007AFF49 /* Products */;
			projectDirPath = "";
			projectRoot = "";
			targets = (
				131CB2B62BACB3E4007AFF49 /* spartans */,
				13FEDE0B2BB331F50089F4C9 /* socialapp */,
			);
		};
/* End PBXProject section */

/* Begin PBXResourcesBuildPhase section */
		131CB2B52BACB3E4007AFF49 /* Resources */ = {
			isa = PBXResourcesBuildPhase;
			buildActionMask = 2147483647;
			files = (
				131CB2C22BACB3E6007AFF49 /* Preview Assets.xcassets in Resources */,
				131CB2BF2BACB3E6007AFF49 /* Assets.xcassets in Resources */,
				13D08A862BB76709000EA1C0 /* GoogleService-Info.plist in Resources */,
			);
			runOnlyForDeploymentPostprocessing = 0;
		};
		13FEDE0A2BB331F50089F4C9 /* Resources */ = {
			isa = PBXResourcesBuildPhase;
			buildActionMask = 2147483647;
			files = (
			);
			runOnlyForDeploymentPostprocessing = 0;
		};
/* End PBXResourcesBuildPhase section */

/* Begin PBXSourcesBuildPhase section */
		131CB2B32BACB3E4007AFF49 /* Sources */ = {
			isa = PBXSourcesBuildPhase;
			buildActionMask = 2147483647;
			files = (
				13D08A9B2BB9DA79000EA1C0 /* SettingsView.swift in Sources */,
				13D08A952BB79728000EA1C0 /* SignInView.swift in Sources */,
				13D08A992BB7A5CF000EA1C0 /* AuthenticationManager.swift in Sources */,
				13D08A932BB796D3000EA1C0 /* AuthView.swift in Sources */,
				13D08A972BB7973E000EA1C0 /* SignUpView.swift in Sources */,
				131CB2BB2BACB3E4007AFF49 /* spartansApp.swift in Sources */,
				13D08A842BB4DE0D000EA1C0 /* HomePageView.swift in Sources */,
			);
			runOnlyForDeploymentPostprocessing = 0;
		};
		13FEDE082BB331F50089F4C9 /* Sources */ = {
			isa = PBXSourcesBuildPhase;
			buildActionMask = 2147483647;
			files = (
			);
			runOnlyForDeploymentPostprocessing = 0;
		};
/* End PBXSourcesBuildPhase section */

/* Begin XCBuildConfiguration section */
		131CB2C32BACB3E6007AFF49 /* Debug */ = {
			isa = XCBuildConfiguration;
			buildSettings = {
				ALWAYS_SEARCH_USER_PATHS = NO;
				ASSETCATALOG_COMPILER_GENERATE_SWIFT_ASSET_SYMBOL_EXTENSIONS = YES;
				CLANG_ANALYZER_NONNULL = YES;
				CLANG_ANALYZER_NUMBER_OBJECT_CONVERSION = YES_AGGRESSIVE;
				CLANG_CXX_LANGUAGE_STANDARD = "gnu++20";
				CLANG_ENABLE_MODULES = YES;
				CLANG_ENABLE_OBJC_ARC = YES;
				CLANG_ENABLE_OBJC_WEAK = YES;
				CLANG_WARN_BLOCK_CAPTURE_AUTORELEASING = YES;
				CLANG_WARN_BOOL_CONVERSION = YES;
				CLANG_WARN_COMMA = YES;
				CLANG_WARN_CONSTANT_CONVERSION = YES;
				CLANG_WARN_DEPRECATED_OBJC_IMPLEMENTATIONS = YES;
				CLANG_WARN_DIRECT_OBJC_ISA_USAGE = YES_ERROR;
				CLANG_WARN_DOCUMENTATION_COMMENTS = YES;
				CLANG_WARN_EMPTY_BODY = YES;
				CLANG_WARN_ENUM_CONVERSION = YES;
				CLANG_WARN_INFINITE_RECURSION = YES;
				CLANG_WARN_INT_CONVERSION = YES;
				CLANG_WARN_NON_LITERAL_NULL_CONVERSION = YES;
				CLANG_WARN_OBJC_IMPLICIT_RETAIN_SELF = YES;
				CLANG_WARN_OBJC_LITERAL_CONVERSION = YES;
				CLANG_WARN_OBJC_ROOT_CLASS = YES_ERROR;
				CLANG_WARN_QUOTED_INCLUDE_IN_FRAMEWORK_HEADER = YES;
				CLANG_WARN_RANGE_LOOP_ANALYSIS = YES;
				CLANG_WARN_STRICT_PROTOTYPES = YES;
				CLANG_WARN_SUSPICIOUS_MOVE = YES;
				CLANG_WARN_UNGUARDED_AVAILABILITY = YES_AGGRESSIVE;
				CLANG_WARN_UNREACHABLE_CODE = YES;
				CLANG_WARN__DUPLICATE_METHOD_MATCH = YES;
				COPY_PHASE_STRIP = NO;
				DEBUG_INFORMATION_FORMAT = dwarf;
				ENABLE_STRICT_OBJC_MSGSEND = YES;
				ENABLE_TESTABILITY = YES;
				ENABLE_USER_SCRIPT_SANDBOXING = YES;
				GCC_C_LANGUAGE_STANDARD = gnu17;
				GCC_DYNAMIC_NO_PIC = NO;
				GCC_NO_COMMON_BLOCKS = YES;
				GCC_OPTIMIZATION_LEVEL = 0;
				GCC_PREPROCESSOR_DEFINITIONS = (
					"DEBUG=1",
					"$(inherited)",
				);
				GCC_WARN_64_TO_32_BIT_CONVERSION = YES;
				GCC_WARN_ABOUT_RETURN_TYPE = YES_ERROR;
				GCC_WARN_UNDECLARED_SELECTOR = YES;
				GCC_WARN_UNINITIALIZED_AUTOS = YES_AGGRESSIVE;
				GCC_WARN_UNUSED_FUNCTION = YES;
				GCC_WARN_UNUSED_VARIABLE = YES;
				IPHONEOS_DEPLOYMENT_TARGET = 17.4;
				LOCALIZATION_PREFERS_STRING_CATALOGS = YES;
				MTL_ENABLE_DEBUG_INFO = INCLUDE_SOURCE;
				MTL_FAST_MATH = YES;
				ONLY_ACTIVE_ARCH = YES;
				SDKROOT = iphoneos;
				SWIFT_ACTIVE_COMPILATION_CONDITIONS = "DEBUG $(inherited)";
				SWIFT_OPTIMIZATION_LEVEL = "-Onone";
			};
			name = Debug;
		};
		131CB2C42BACB3E6007AFF49 /* Release */ = {
			isa = XCBuildConfiguration;
			buildSettings = {
				ALWAYS_SEARCH_USER_PATHS = NO;
				ASSETCATALOG_COMPILER_GENERATE_SWIFT_ASSET_SYMBOL_EXTENSIONS = YES;
				CLANG_ANALYZER_NONNULL = YES;
				CLANG_ANALYZER_NUMBER_OBJECT_CONVERSION = YES_AGGRESSIVE;
				CLANG_CXX_LANGUAGE_STANDARD = "gnu++20";
				CLANG_ENABLE_MODULES = YES;
				CLANG_ENABLE_OBJC_ARC = YES;
				CLANG_ENABLE_OBJC_WEAK = YES;
				CLANG_WARN_BLOCK_CAPTURE_AUTORELEASING = YES;
				CLANG_WARN_BOOL_CONVERSION = YES;
				CLANG_WARN_COMMA = YES;
				CLANG_WARN_CONSTANT_CONVERSION = YES;
				CLANG_WARN_DEPRECATED_OBJC_IMPLEMENTATIONS = YES;
				CLANG_WARN_DIRECT_OBJC_ISA_USAGE = YES_ERROR;
				CLANG_WARN_DOCUMENTATION_COMMENTS = YES;
				CLANG_WARN_EMPTY_BODY = YES;
				CLANG_WARN_ENUM_CONVERSION = YES;
				CLANG_WARN_INFINITE_RECURSION = YES;
				CLANG_WARN_INT_CONVERSION = YES;
				CLANG_WARN_NON_LITERAL_NULL_CONVERSION = YES;
				CLANG_WARN_OBJC_IMPLICIT_RETAIN_SELF = YES;
				CLANG_WARN_OBJC_LITERAL_CONVERSION = YES;
				CLANG_WARN_OBJC_ROOT_CLASS = YES_ERROR;
				CLANG_WARN_QUOTED_INCLUDE_IN_FRAMEWORK_HEADER = YES;
				CLANG_WARN_RANGE_LOOP_ANALYSIS = YES;
				CLANG_WARN_STRICT_PROTOTYPES = YES;
				CLANG_WARN_SUSPICIOUS_MOVE = YES;
				CLANG_WARN_UNGUARDED_AVAILABILITY = YES_AGGRESSIVE;
				CLANG_WARN_UNREACHABLE_CODE = YES;
				CLANG_WARN__DUPLICATE_METHOD_MATCH = YES;
				COPY_PHASE_STRIP = NO;
				DEBUG_INFORMATION_FORMAT = "dwarf-with-dsym";
				ENABLE_NS_ASSERTIONS = NO;
				ENABLE_STRICT_OBJC_MSGSEND = YES;
				ENABLE_USER_SCRIPT_SANDBOXING = YES;
				GCC_C_LANGUAGE_STANDARD = gnu17;
				GCC_NO_COMMON_BLOCKS = YES;
				GCC_WARN_64_TO_32_BIT_CONVERSION = YES;
				GCC_WARN_ABOUT_RETURN_TYPE = YES_ERROR;
				GCC_WARN_UNDECLARED_SELECTOR = YES;
				GCC_WARN_UNINITIALIZED_AUTOS = YES_AGGRESSIVE;
				GCC_WARN_UNUSED_FUNCTION = YES;
				GCC_WARN_UNUSED_VARIABLE = YES;
				IPHONEOS_DEPLOYMENT_TARGET = 17.4;
				LOCALIZATION_PREFERS_STRING_CATALOGS = YES;
				MTL_ENABLE_DEBUG_INFO = NO;
				MTL_FAST_MATH = YES;
				SDKROOT = iphoneos;
				SWIFT_COMPILATION_MODE = wholemodule;
				VALIDATE_PRODUCT = YES;
			};
			name = Release;
		};
		131CB2C62BACB3E6007AFF49 /* Debug */ = {
			isa = XCBuildConfiguration;
			buildSettings = {
				ASSETCATALOG_COMPILER_APPICON_NAME = AppIcon;
				ASSETCATALOG_COMPILER_GLOBAL_ACCENT_COLOR_NAME = AccentColor;
				CODE_SIGN_STYLE = Automatic;
				CURRENT_PROJECT_VERSION = 1;
				DEVELOPMENT_ASSET_PATHS = "\"spartans/Preview Content\"";
				DEVELOPMENT_TEAM = YWQNV768LW;
				ENABLE_PREVIEWS = YES;
				GENERATE_INFOPLIST_FILE = YES;
				INFOPLIST_KEY_UIApplicationSceneManifest_Generation = YES;
				INFOPLIST_KEY_UIApplicationSupportsIndirectInputEvents = YES;
				INFOPLIST_KEY_UILaunchScreen_Generation = YES;
				INFOPLIST_KEY_UISupportedInterfaceOrientations_iPad = "UIInterfaceOrientationPortrait UIInterfaceOrientationPortraitUpsideDown UIInterfaceOrientationLandscapeLeft UIInterfaceOrientationLandscapeRight";
				INFOPLIST_KEY_UISupportedInterfaceOrientations_iPhone = "UIInterfaceOrientationPortrait UIInterfaceOrientationLandscapeLeft UIInterfaceOrientationLandscapeRight";
				IPHONEOS_DEPLOYMENT_TARGET = 17.0;
				LD_RUNPATH_SEARCH_PATHS = (
					"$(inherited)",
					"@executable_path/Frameworks",
				);
				MARKETING_VERSION = 1.0;
				PRODUCT_BUNDLE_IDENTIFIER = com.keertikumar.spartans;
				PRODUCT_NAME = "$(TARGET_NAME)";
				SWIFT_EMIT_LOC_STRINGS = YES;
				SWIFT_VERSION = 5.0;
				TARGETED_DEVICE_FAMILY = "1,2";
			};
			name = Debug;
		};
		131CB2C72BACB3E6007AFF49 /* Release */ = {
			isa = XCBuildConfiguration;
			buildSettings = {
				ASSETCATALOG_COMPILER_APPICON_NAME = AppIcon;
				ASSETCATALOG_COMPILER_GLOBAL_ACCENT_COLOR_NAME = AccentColor;
				CODE_SIGN_STYLE = Automatic;
				CURRENT_PROJECT_VERSION = 1;
				DEVELOPMENT_ASSET_PATHS = "\"spartans/Preview Content\"";
				DEVELOPMENT_TEAM = YWQNV768LW;
				ENABLE_PREVIEWS = YES;
				GENERATE_INFOPLIST_FILE = YES;
				INFOPLIST_KEY_UIApplicationSceneManifest_Generation = YES;
				INFOPLIST_KEY_UIApplicationSupportsIndirectInputEvents = YES;
				INFOPLIST_KEY_UILaunchScreen_Generation = YES;
				INFOPLIST_KEY_UISupportedInterfaceOrientations_iPad = "UIInterfaceOrientationPortrait UIInterfaceOrientationPortraitUpsideDown UIInterfaceOrientationLandscapeLeft UIInterfaceOrientationLandscapeRight";
				INFOPLIST_KEY_UISupportedInterfaceOrientations_iPhone = "UIInterfaceOrientationPortrait UIInterfaceOrientationLandscapeLeft UIInterfaceOrientationLandscapeRight";
				IPHONEOS_DEPLOYMENT_TARGET = 17.0;
				LD_RUNPATH_SEARCH_PATHS = (
					"$(inherited)",
					"@executable_path/Frameworks",
				);
				MARKETING_VERSION = 1.0;
				PRODUCT_BUNDLE_IDENTIFIER = com.keertikumar.spartans;
				PRODUCT_NAME = "$(TARGET_NAME)";
				SWIFT_EMIT_LOC_STRINGS = YES;
				SWIFT_VERSION = 5.0;
				TARGETED_DEVICE_FAMILY = "1,2";
			};
			name = Release;
		};
		13FEDE172BB331F80089F4C9 /* Debug */ = {
			isa = XCBuildConfiguration;
			buildSettings = {
				ASSETCATALOG_COMPILER_APPICON_NAME = AppIcon;
				ASSETCATALOG_COMPILER_GLOBAL_ACCENT_COLOR_NAME = AccentColor;
				CODE_SIGN_STYLE = Automatic;
				CURRENT_PROJECT_VERSION = 1;
				DEVELOPMENT_ASSET_PATHS = "\"socialapp/Preview Content\"";
				ENABLE_PREVIEWS = YES;
				GENERATE_INFOPLIST_FILE = YES;
				INFOPLIST_KEY_UIApplicationSceneManifest_Generation = YES;
				INFOPLIST_KEY_UIApplicationSupportsIndirectInputEvents = YES;
				INFOPLIST_KEY_UILaunchScreen_Generation = YES;
				INFOPLIST_KEY_UISupportedInterfaceOrientations_iPad = "UIInterfaceOrientationPortrait UIInterfaceOrientationPortraitUpsideDown UIInterfaceOrientationLandscapeLeft UIInterfaceOrientationLandscapeRight";
				INFOPLIST_KEY_UISupportedInterfaceOrientations_iPhone = "UIInterfaceOrientationPortrait UIInterfaceOrientationLandscapeLeft UIInterfaceOrientationLandscapeRight";
				LD_RUNPATH_SEARCH_PATHS = (
					"$(inherited)",
					"@executable_path/Frameworks",
				);
				MARKETING_VERSION = 1.0;
				PRODUCT_BUNDLE_IDENTIFIER = com.keertikumar.socialapp;
				PRODUCT_NAME = "$(TARGET_NAME)";
				SWIFT_EMIT_LOC_STRINGS = YES;
				SWIFT_VERSION = 5.0;
				TARGETED_DEVICE_FAMILY = "1,2";
			};
			name = Debug;
		};
		13FEDE182BB331F80089F4C9 /* Release */ = {
			isa = XCBuildConfiguration;
			buildSettings = {
				ASSETCATALOG_COMPILER_APPICON_NAME = AppIcon;
				ASSETCATALOG_COMPILER_GLOBAL_ACCENT_COLOR_NAME = AccentColor;
				CODE_SIGN_STYLE = Automatic;
				CURRENT_PROJECT_VERSION = 1;
				DEVELOPMENT_ASSET_PATHS = "\"socialapp/Preview Content\"";
				ENABLE_PREVIEWS = YES;
				GENERATE_INFOPLIST_FILE = YES;
				INFOPLIST_KEY_UIApplicationSceneManifest_Generation = YES;
				INFOPLIST_KEY_UIApplicationSupportsIndirectInputEvents = YES;
				INFOPLIST_KEY_UILaunchScreen_Generation = YES;
				INFOPLIST_KEY_UISupportedInterfaceOrientations_iPad = "UIInterfaceOrientationPortrait UIInterfaceOrientationPortraitUpsideDown UIInterfaceOrientationLandscapeLeft UIInterfaceOrientationLandscapeRight";
				INFOPLIST_KEY_UISupportedInterfaceOrientations_iPhone = "UIInterfaceOrientationPortrait UIInterfaceOrientationLandscapeLeft UIInterfaceOrientationLandscapeRight";
				LD_RUNPATH_SEARCH_PATHS = (
					"$(inherited)",
					"@executable_path/Frameworks",
				);
				MARKETING_VERSION = 1.0;
				PRODUCT_BUNDLE_IDENTIFIER = com.keertikumar.socialapp;
				PRODUCT_NAME = "$(TARGET_NAME)";
				SWIFT_EMIT_LOC_STRINGS = YES;
				SWIFT_VERSION = 5.0;
				TARGETED_DEVICE_FAMILY = "1,2";
			};
			name = Release;
		};
/* End XCBuildConfiguration section */

/* Begin XCConfigurationList section */
		131CB2B22BACB3E4007AFF49 /* Build configuration list for PBXProject "spartans" */ = {
			isa = XCConfigurationList;
			buildConfigurations = (
				131CB2C32BACB3E6007AFF49 /* Debug */,
				131CB2C42BACB3E6007AFF49 /* Release */,
			);
			defaultConfigurationIsVisible = 0;
			defaultConfigurationName = Release;
		};
		131CB2C52BACB3E6007AFF49 /* Build configuration list for PBXNativeTarget "spartans" */ = {
			isa = XCConfigurationList;
			buildConfigurations = (
				131CB2C62BACB3E6007AFF49 /* Debug */,
				131CB2C72BACB3E6007AFF49 /* Release */,
			);
			defaultConfigurationIsVisible = 0;
			defaultConfigurationName = Release;
		};
		13FEDE192BB331F80089F4C9 /* Build configuration list for PBXNativeTarget "socialapp" */ = {
			isa = XCConfigurationList;
			buildConfigurations = (
				13FEDE172BB331F80089F4C9 /* Debug */,
				13FEDE182BB331F80089F4C9 /* Release */,
			);
			defaultConfigurationIsVisible = 0;
			defaultConfigurationName = Release;
		};
/* End XCConfigurationList section */

/* Begin XCRemoteSwiftPackageReference section */
		13D08A872BB7686E000EA1C0 /* XCRemoteSwiftPackageReference "firebase-ios-sdk" */ = {
			isa = XCRemoteSwiftPackageReference;
			repositoryURL = "https://github.com/firebase/firebase-ios-sdk";
			requirement = {
				kind = upToNextMajorVersion;
				minimumVersion = 10.23.1;
			};
		};
/* End XCRemoteSwiftPackageReference section */

/* Begin XCSwiftPackageProductDependency section */
		13D08A882BB7686E000EA1C0 /* FirebaseAnalytics */ = {
			isa = XCSwiftPackageProductDependency;
			package = 13D08A872BB7686E000EA1C0 /* XCRemoteSwiftPackageReference "firebase-ios-sdk" */;
			productName = FirebaseAnalytics;
		};
		13D08A8A2BB7686E000EA1C0 /* FirebaseAnalyticsSwift */ = {
			isa = XCSwiftPackageProductDependency;
			package = 13D08A872BB7686E000EA1C0 /* XCRemoteSwiftPackageReference "firebase-ios-sdk" */;
			productName = FirebaseAnalyticsSwift;
		};
		13D08A8D2BB79338000EA1C0 /* FirebaseAuth */ = {
			isa = XCSwiftPackageProductDependency;
			package = 13D08A872BB7686E000EA1C0 /* XCRemoteSwiftPackageReference "firebase-ios-sdk" */;
			productName = FirebaseAuth;
		};
/* End XCSwiftPackageProductDependency section */
	};
	rootObject = 131CB2AF2BACB3E4007AFF49 /* Project object */;
}
